
Microsoft Visual Studio Solution File, Format Version 12.00
# Visual Studio 14
VisualStudioVersion = 14.0.25420.1
MinimumVisualStudioVersion = 10.0.40219.1
Project("{FAE04EC0-301F-11D3-BF4B-00C04F79EFBC}") = "Sky.ProGate.Tool", "Application\Sky.ProGate.Tool\Sky.ProGate.Tool.csproj", "{CA1193EA-13B2-4D20-9FEB-D157F09B3C99}"
EndProject
Project("{FAE04EC0-301F-11D3-BF4B-00C04F79EFBC}") = "Sky.ProGate.Service", "Service\Sky.ProGate.Service\Sky.ProGate.Service.csproj", "{8C0F2890-47BA-4155-8CB9-012849B189A5}"
EndProject
Project("{FAE04EC0-301F-11D3-BF4B-00C04F79EFBC}") = "Sky.ProGate.Application.Objects", "Application\Sky.ProGate.Application.Objects\Sky.ProGate.Application.Objects.csproj", "{A4F974BC-B51B-4456-AA43-C63FFB996694}"
EndProject
Project("{2150E333-8FDC-42A3-9474-1A3956D46DE8}") = "Libraries", "Libraries", "{1F134063-D006-4002-A695-6FD144A914DD}"
EndProject
Project("{FAE04EC0-301F-11D3-BF4B-00C04F79EFBC}") = "Sky.Library.Arrays", "..\Libraries\Sky.Library.Arrays\Sky.Library.Arrays.csproj", "{093724C3-FBA2-407E-A0AD-DF4EF97030C3}"
EndProject
Project("{FAE04EC0-301F-11D3-BF4B-00C04F79EFBC}") = "Sky.Library.Files", "..\Libraries\Sky.Library.Files\Sky.Library.Files.csproj", "{EAEDD599-8FF0-493B-AAB3-D020CAF0E035}"
EndProject
Project("{FAE04EC0-301F-11D3-BF4B-00C04F79EFBC}") = "Sky.Library.Forms", "..\Libraries\Sky.Library.Forms\Sky.Library.Forms.csproj", "{2F69C6B5-1DE4-4ACF-A584-1408A4DE309B}"
EndProject
Project("{FAE04EC0-301F-11D3-BF4B-00C04F79EFBC}") = "Sky.Library.SAP", "..\Libraries\Sky.Library.SAP\Sky.Library.SAP.csproj", "{6A39BCF5-3512-4FA0-A9D1-452A415A6549}"
EndProject
Project("{FAE04EC0-301F-11D3-BF4B-00C04F79EFBC}") = "Sky.Library.SBM", "..\Libraries\Sky.Library.SBM\Sky.Library.SBM.csproj", "{2544D861-21AD-4C18-99F3-E01127B17353}"
EndProject
Project("{FAE04EC0-301F-11D3-BF4B-00C04F79EFBC}") = "Sky.Library.Text", "..\Libraries\Sky.Library.Text\Sky.Library.Text.csproj", "{154909FD-12FB-4807-950E-432100E97481}"
EndProject
Project("{FAE04EC0-301F-11D3-BF4B-00C04F79EFBC}") = "Sky.Library.Windows", "..\Libraries\Sky.Library.Windows\Sky.Library.Windows.csproj", "{BECC4FA5-BEF6-4AC9-9118-7DC08F9251EE}"
EndProject
Project("{FAE04EC0-301F-11D3-BF4B-00C04F79EFBC}") = "Sky.Library.Xml", "..\Libraries\Sky.Library.Xml\Sky.Library.Xml.csproj", "{919A4BFE-5596-4FC8-96D4-A5782984C585}"
EndProject
Project("{FAE04EC0-301F-11D3-BF4B-00C04F79EFBC}") = "Sky.ProGate.Service.Objects", "Service\Sky.ProGate.Service.Objects\Sky.ProGate.Service.Objects.csproj", "{6D2AE85E-6650-4F00-B6BF-B282F0F52465}"
EndProject
Project("{FAE04EC0-301F-11D3-BF4B-00C04F79EFBC}") = "Sky.ProGate.ServiceSimulator", "Service\Sky.ProGate.ServiceSimulator\Sky.ProGate.ServiceSimulator.csproj", "{450EF3D5-35AB-4E75-A938-1AF1EB04FB3E}"
EndProject
Project("{2150E333-8FDC-42A3-9474-1A3956D46DE8}") = "Service", "Service", "{E03FE8EA-DED8-4EC5-872B-6B16BE05C6D0}"
EndProject
Project("{2150E333-8FDC-42A3-9474-1A3956D46DE8}") = "Application", "Application", "{E1411482-4CE2-464C-9C9A-ED5FCD855BB8}"
EndProject
Project("{FAE04EC0-301F-11D3-BF4B-00C04F79EFBC}") = "Sky.ProGate.ServiceAdmin", "Service\Sky.ProGate.ServiceAdmin\Sky.ProGate.ServiceAdmin.csproj", "{05E3B181-A996-4BDB-B202-42D2075D8A72}"
EndProject
Project("{FAE04EC0-301F-11D3-BF4B-00C04F79EFBC}") = "Sky.Library.Registry", "..\Libraries\Sky.Library.Registry\Sky.Library.Registry.csproj", "{8B01C1B8-8D6D-46D2-9507-17C6AA0099CA}"
EndProject
Project("{FAE04EC0-301F-11D3-BF4B-00C04F79EFBC}") = "Sky.ProGate.Application.Forms", "Application\Sky.ProGate.Application.Forms\Sky.ProGate.Application.Forms.csproj", "{A841B0AA-89EE-4727-949E-CEC417E3BAC8}"
EndProject
Global
	GlobalSection(SolutionConfigurationPlatforms) = preSolution
		Debug|Any CPU = Debug|Any CPU
		Debug32|Any CPU = Debug32|Any CPU
		Debug64|Any CPU = Debug64|Any CPU
		Release|Any CPU = Release|Any CPU
		Release32|Any CPU = Release32|Any CPU
		Release64|Any CPU = Release64|Any CPU
	EndGlobalSection
	GlobalSection(ProjectConfigurationPlatforms) = postSolution
		{CA1193EA-13B2-4D20-9FEB-D157F09B3C99}.Debug|Any CPU.ActiveCfg = Debug|Any CPU
		{CA1193EA-13B2-4D20-9FEB-D157F09B3C99}.Debug|Any CPU.Build.0 = Debug|Any CPU
		{CA1193EA-13B2-4D20-9FEB-D157F09B3C99}.Debug32|Any CPU.ActiveCfg = Debug|Any CPU
		{CA1193EA-13B2-4D20-9FEB-D157F09B3C99}.Debug32|Any CPU.Build.0 = Debug|Any CPU
		{CA1193EA-13B2-4D20-9FEB-D157F09B3C99}.Debug64|Any CPU.ActiveCfg = Debug|Any CPU
		{CA1193EA-13B2-4D20-9FEB-D157F09B3C99}.Debug64|Any CPU.Build.0 = Debug|Any CPU
		{CA1193EA-13B2-4D20-9FEB-D157F09B3C99}.Release|Any CPU.ActiveCfg = Release|Any CPU
		{CA1193EA-13B2-4D20-9FEB-D157F09B3C99}.Release|Any CPU.Build.0 = Release|Any CPU
		{CA1193EA-13B2-4D20-9FEB-D157F09B3C99}.Release32|Any CPU.ActiveCfg = Release|Any CPU
		{CA1193EA-13B2-4D20-9FEB-D157F09B3C99}.Release32|Any CPU.Build.0 = Release|Any CPU
		{CA1193EA-13B2-4D20-9FEB-D157F09B3C99}.Release64|Any CPU.ActiveCfg = Release|Any CPU
		{CA1193EA-13B2-4D20-9FEB-D157F09B3C99}.Release64|Any CPU.Build.0 = Release|Any CPU
		{8C0F2890-47BA-4155-8CB9-012849B189A5}.Debug|Any CPU.ActiveCfg = Debug|Any CPU
		{8C0F2890-47BA-4155-8CB9-012849B189A5}.Debug|Any CPU.Build.0 = Debug|Any CPU
		{8C0F2890-47BA-4155-8CB9-012849B189A5}.Debug32|Any CPU.ActiveCfg = Debug|Any CPU
		{8C0F2890-47BA-4155-8CB9-012849B189A5}.Debug32|Any CPU.Build.0 = Debug|Any CPU
		{8C0F2890-47BA-4155-8CB9-012849B189A5}.Debug64|Any CPU.ActiveCfg = Debug|Any CPU
		{8C0F2890-47BA-4155-8CB9-012849B189A5}.Debug64|Any CPU.Build.0 = Debug|Any CPU
		{8C0F2890-47BA-4155-8CB9-012849B189A5}.Release|Any CPU.ActiveCfg = Release|Any CPU
		{8C0F2890-47BA-4155-8CB9-012849B189A5}.Release|Any CPU.Build.0 = Release|Any CPU
		{8C0F2890-47BA-4155-8CB9-012849B189A5}.Release32|Any CPU.ActiveCfg = Release|Any CPU
		{8C0F2890-47BA-4155-8CB9-012849B189A5}.Release32|Any CPU.Build.0 = Release|Any CPU
		{8C0F2890-47BA-4155-8CB9-012849B189A5}.Release64|Any CPU.ActiveCfg = Release|Any CPU
		{8C0F2890-47BA-4155-8CB9-012849B189A5}.Release64|Any CPU.Build.0 = Release|Any CPU
		{A4F974BC-B51B-4456-AA43-C63FFB996694}.Debug|Any CPU.ActiveCfg = Debug|Any CPU
		{A4F974BC-B51B-4456-AA43-C63FFB996694}.Debug|Any CPU.Build.0 = Debug|Any CPU
		{A4F974BC-B51B-4456-AA43-C63FFB996694}.Debug32|Any CPU.ActiveCfg = Debug|Any CPU
		{A4F974BC-B51B-4456-AA43-C63FFB996694}.Debug32|Any CPU.Build.0 = Debug|Any CPU
		{A4F974BC-B51B-4456-AA43-C63FFB996694}.Debug64|Any CPU.ActiveCfg = Debug|Any CPU
		{A4F974BC-B51B-4456-AA43-C63FFB996694}.Debug64|Any CPU.Build.0 = Debug|Any CPU
		{A4F974BC-B51B-4456-AA43-C63FFB996694}.Release|Any CPU.ActiveCfg = Release|Any CPU
		{A4F974BC-B51B-4456-AA43-C63FFB996694}.Release|Any CPU.Build.0 = Release|Any CPU
		{A4F974BC-B51B-4456-AA43-C63FFB996694}.Release32|Any CPU.ActiveCfg = Release|Any CPU
		{A4F974BC-B51B-4456-AA43-C63FFB996694}.Release32|Any CPU.Build.0 = Release|Any CPU
		{A4F974BC-B51B-4456-AA43-C63FFB996694}.Release64|Any CPU.ActiveCfg = Release|Any CPU
		{A4F974BC-B51B-4456-AA43-C63FFB996694}.Release64|Any CPU.Build.0 = Release|Any CPU
		{093724C3-FBA2-407E-A0AD-DF4EF97030C3}.Debug|Any CPU.ActiveCfg = Debug|Any CPU
		{093724C3-FBA2-407E-A0AD-DF4EF97030C3}.Debug|Any CPU.Build.0 = Debug|Any CPU
		{093724C3-FBA2-407E-A0AD-DF4EF97030C3}.Debug32|Any CPU.ActiveCfg = Debug32|Any CPU
		{093724C3-FBA2-407E-A0AD-DF4EF97030C3}.Debug32|Any CPU.Build.0 = Debug32|Any CPU
		{093724C3-FBA2-407E-A0AD-DF4EF97030C3}.Debug64|Any CPU.ActiveCfg = Debug64|Any CPU
		{093724C3-FBA2-407E-A0AD-DF4EF97030C3}.Debug64|Any CPU.Build.0 = Debug64|Any CPU
		{093724C3-FBA2-407E-A0AD-DF4EF97030C3}.Release|Any CPU.ActiveCfg = Release|Any CPU
		{093724C3-FBA2-407E-A0AD-DF4EF97030C3}.Release|Any CPU.Build.0 = Release|Any CPU
		{093724C3-FBA2-407E-A0AD-DF4EF97030C3}.Release32|Any CPU.ActiveCfg = Release32|Any CPU
		{093724C3-FBA2-407E-A0AD-DF4EF97030C3}.Release32|Any CPU.Build.0 = Release32|Any CPU
		{093724C3-FBA2-407E-A0AD-DF4EF97030C3}.Release64|Any CPU.ActiveCfg = Release64|Any CPU
		{093724C3-FBA2-407E-A0AD-DF4EF97030C3}.Release64|Any CPU.Build.0 = Release64|Any CPU
		{EAEDD599-8FF0-493B-AAB3-D020CAF0E035}.Debug|Any CPU.ActiveCfg = Debug|Any CPU
		{EAEDD599-8FF0-493B-AAB3-D020CAF0E035}.Debug|Any CPU.Build.0 = Debug|Any CPU
		{EAEDD599-8FF0-493B-AAB3-D020CAF0E035}.Debug32|Any CPU.ActiveCfg = Debug32|Any CPU
		{EAEDD599-8FF0-493B-AAB3-D020CAF0E035}.Debug32|Any CPU.Build.0 = Debug32|Any CPU
		{EAEDD599-8FF0-493B-AAB3-D020CAF0E035}.Debug64|Any CPU.ActiveCfg = Debug64|Any CPU
		{EAEDD599-8FF0-493B-AAB3-D020CAF0E035}.Debug64|Any CPU.Build.0 = Debug64|Any CPU
		{EAEDD599-8FF0-493B-AAB3-D020CAF0E035}.Release|Any CPU.ActiveCfg = Release|Any CPU
		{EAEDD599-8FF0-493B-AAB3-D020CAF0E035}.Release|Any CPU.Build.0 = Release|Any CPU
		{EAEDD599-8FF0-493B-AAB3-D020CAF0E035}.Release32|Any CPU.ActiveCfg = Release32|Any CPU
		{EAEDD599-8FF0-493B-AAB3-D020CAF0E035}.Release32|Any CPU.Build.0 = Release32|Any CPU
		{EAEDD599-8FF0-493B-AAB3-D020CAF0E035}.Release64|Any CPU.ActiveCfg = Release64|Any CPU
		{EAEDD599-8FF0-493B-AAB3-D020CAF0E035}.Release64|Any CPU.Build.0 = Release64|Any CPU
		{2F69C6B5-1DE4-4ACF-A584-1408A4DE309B}.Debug|Any CPU.ActiveCfg = Debug|Any CPU
		{2F69C6B5-1DE4-4ACF-A584-1408A4DE309B}.Debug|Any CPU.Build.0 = Debug|Any CPU
		{2F69C6B5-1DE4-4ACF-A584-1408A4DE309B}.Debug32|Any CPU.ActiveCfg = Debug32|Any CPU
		{2F69C6B5-1DE4-4ACF-A584-1408A4DE309B}.Debug32|Any CPU.Build.0 = Debug32|Any CPU
		{2F69C6B5-1DE4-4ACF-A584-1408A4DE309B}.Debug64|Any CPU.ActiveCfg = Debug64|Any CPU
		{2F69C6B5-1DE4-4ACF-A584-1408A4DE309B}.Debug64|Any CPU.Build.0 = Debug64|Any CPU
		{2F69C6B5-1DE4-4ACF-A584-1408A4DE309B}.Release|Any CPU.ActiveCfg = Release|Any CPU
		{2F69C6B5-1DE4-4ACF-A584-1408A4DE309B}.Release|Any CPU.Build.0 = Release|Any CPU
		{2F69C6B5-1DE4-4ACF-A584-1408A4DE309B}.Release32|Any CPU.ActiveCfg = Release32|Any CPU
		{2F69C6B5-1DE4-4ACF-A584-1408A4DE309B}.Release32|Any CPU.Build.0 = Release32|Any CPU
		{2F69C6B5-1DE4-4ACF-A584-1408A4DE309B}.Release64|Any CPU.ActiveCfg = Release64|Any CPU
		{2F69C6B5-1DE4-4ACF-A584-1408A4DE309B}.Release64|Any CPU.Build.0 = Release64|Any CPU
		{6A39BCF5-3512-4FA0-A9D1-452A415A6549}.Debug|Any CPU.ActiveCfg = Debug|Any CPU
		{6A39BCF5-3512-4FA0-A9D1-452A415A6549}.Debug|Any CPU.Build.0 = Debug|Any CPU
		{6A39BCF5-3512-4FA0-A9D1-452A415A6549}.Debug32|Any CPU.ActiveCfg = Debug32|Any CPU
		{6A39BCF5-3512-4FA0-A9D1-452A415A6549}.Debug32|Any CPU.Build.0 = Debug32|Any CPU
		{6A39BCF5-3512-4FA0-A9D1-452A415A6549}.Debug64|Any CPU.ActiveCfg = Debug64|Any CPU
		{6A39BCF5-3512-4FA0-A9D1-452A415A6549}.Debug64|Any CPU.Build.0 = Debug64|Any CPU
		{6A39BCF5-3512-4FA0-A9D1-452A415A6549}.Release|Any CPU.ActiveCfg = Release|Any CPU
		{6A39BCF5-3512-4FA0-A9D1-452A415A6549}.Release|Any CPU.Build.0 = Release|Any CPU
		{6A39BCF5-3512-4FA0-A9D1-452A415A6549}.Release32|Any CPU.ActiveCfg = Release32|Any CPU
		{6A39BCF5-3512-4FA0-A9D1-452A415A6549}.Release32|Any CPU.Build.0 = Release32|Any CPU
		{6A39BCF5-3512-4FA0-A9D1-452A415A6549}.Release64|Any CPU.ActiveCfg = Release64|Any CPU
		{6A39BCF5-3512-4FA0-A9D1-452A415A6549}.Release64|Any CPU.Build.0 = Release64|Any CPU
		{2544D861-21AD-4C18-99F3-E01127B17353}.Debug|Any CPU.ActiveCfg = Debug|Any CPU
		{2544D861-21AD-4C18-99F3-E01127B17353}.Debug|Any CPU.Build.0 = Debug|Any CPU
		{2544D861-21AD-4C18-99F3-E01127B17353}.Debug32|Any CPU.ActiveCfg = Debug32|Any CPU
		{2544D861-21AD-4C18-99F3-E01127B17353}.Debug32|Any CPU.Build.0 = Debug32|Any CPU
		{2544D861-21AD-4C18-99F3-E01127B17353}.Debug64|Any CPU.ActiveCfg = Debug64|Any CPU
		{2544D861-21AD-4C18-99F3-E01127B17353}.Debug64|Any CPU.Build.0 = Debug64|Any CPU
		{2544D861-21AD-4C18-99F3-E01127B17353}.Release|Any CPU.ActiveCfg = Release|Any CPU
		{2544D861-21AD-4C18-99F3-E01127B17353}.Release|Any CPU.Build.0 = Release|Any CPU
		{2544D861-21AD-4C18-99F3-E01127B17353}.Release32|Any CPU.ActiveCfg = Release32|Any CPU
		{2544D861-21AD-4C18-99F3-E01127B17353}.Release32|Any CPU.Build.0 = Release32|Any CPU
		{2544D861-21AD-4C18-99F3-E01127B17353}.Release64|Any CPU.ActiveCfg = Release64|Any CPU
		{2544D861-21AD-4C18-99F3-E01127B17353}.Release64|Any CPU.Build.0 = Release64|Any CPU
		{154909FD-12FB-4807-950E-432100E97481}.Debug|Any CPU.ActiveCfg = Debug|Any CPU
		{154909FD-12FB-4807-950E-432100E97481}.Debug|Any CPU.Build.0 = Debug|Any CPU
		{154909FD-12FB-4807-950E-432100E97481}.Debug32|Any CPU.ActiveCfg = Debug32|Any CPU
		{154909FD-12FB-4807-950E-432100E97481}.Debug32|Any CPU.Build.0 = Debug32|Any CPU
		{154909FD-12FB-4807-950E-432100E97481}.Debug64|Any CPU.ActiveCfg = Debug64|Any CPU
		{154909FD-12FB-4807-950E-432100E97481}.Debug64|Any CPU.Build.0 = Debug64|Any CPU
		{154909FD-12FB-4807-950E-432100E97481}.Release|Any CPU.ActiveCfg = Release|Any CPU
		{154909FD-12FB-4807-950E-432100E97481}.Release|Any CPU.Build.0 = Release|Any CPU
		{154909FD-12FB-4807-950E-432100E97481}.Release32|Any CPU.ActiveCfg = Release32|Any CPU
		{154909FD-12FB-4807-950E-432100E97481}.Release32|Any CPU.Build.0 = Release32|Any CPU
		{154909FD-12FB-4807-950E-432100E97481}.Release64|Any CPU.ActiveCfg = Release64|Any CPU
		{154909FD-12FB-4807-950E-432100E97481}.Release64|Any CPU.Build.0 = Release64|Any CPU
		{BECC4FA5-BEF6-4AC9-9118-7DC08F9251EE}.Debug|Any CPU.ActiveCfg = Debug|Any CPU
		{BECC4FA5-BEF6-4AC9-9118-7DC08F9251EE}.Debug|Any CPU.Build.0 = Debug|Any CPU
		{BECC4FA5-BEF6-4AC9-9118-7DC08F9251EE}.Debug32|Any CPU.ActiveCfg = Debug32|Any CPU
		{BECC4FA5-BEF6-4AC9-9118-7DC08F9251EE}.Debug32|Any CPU.Build.0 = Debug32|Any CPU
		{BECC4FA5-BEF6-4AC9-9118-7DC08F9251EE}.Debug64|Any CPU.ActiveCfg = Debug64|Any CPU
		{BECC4FA5-BEF6-4AC9-9118-7DC08F9251EE}.Debug64|Any CPU.Build.0 = Debug64|Any CPU
		{BECC4FA5-BEF6-4AC9-9118-7DC08F9251EE}.Release|Any CPU.ActiveCfg = Release|Any CPU
		{BECC4FA5-BEF6-4AC9-9118-7DC08F9251EE}.Release|Any CPU.Build.0 = Release|Any CPU
		{BECC4FA5-BEF6-4AC9-9118-7DC08F9251EE}.Release32|Any CPU.ActiveCfg = Release32|Any CPU
		{BECC4FA5-BEF6-4AC9-9118-7DC08F9251EE}.Release32|Any CPU.Build.0 = Release32|Any CPU
		{BECC4FA5-BEF6-4AC9-9118-7DC08F9251EE}.Release64|Any CPU.ActiveCfg = Release64|Any CPU
		{BECC4FA5-BEF6-4AC9-9118-7DC08F9251EE}.Release64|Any CPU.Build.0 = Release64|Any CPU
		{919A4BFE-5596-4FC8-96D4-A5782984C585}.Debug|Any CPU.ActiveCfg = Debug|Any CPU
		{919A4BFE-5596-4FC8-96D4-A5782984C585}.Debug|Any CPU.Build.0 = Debug|Any CPU
		{919A4BFE-5596-4FC8-96D4-A5782984C585}.Debug32|Any CPU.ActiveCfg = Debug32|Any CPU
		{919A4BFE-5596-4FC8-96D4-A5782984C585}.Debug32|Any CPU.Build.0 = Debug32|Any CPU
		{919A4BFE-5596-4FC8-96D4-A5782984C585}.Debug64|Any CPU.ActiveCfg = Debug64|Any CPU
		{919A4BFE-5596-4FC8-96D4-A5782984C585}.Debug64|Any CPU.Build.0 = Debug64|Any CPU
		{919A4BFE-5596-4FC8-96D4-A5782984C585}.Release|Any CPU.ActiveCfg = Release|Any CPU
		{919A4BFE-5596-4FC8-96D4-A5782984C585}.Release|Any CPU.Build.0 = Release|Any CPU
		{919A4BFE-5596-4FC8-96D4-A5782984C585}.Release32|Any CPU.ActiveCfg = Release32|Any CPU
		{919A4BFE-5596-4FC8-96D4-A5782984C585}.Release32|Any CPU.Build.0 = Release32|Any CPU
		{919A4BFE-5596-4FC8-96D4-A5782984C585}.Release64|Any CPU.ActiveCfg = Release64|Any CPU
		{919A4BFE-5596-4FC8-96D4-A5782984C585}.Release64|Any CPU.Build.0 = Release64|Any CPU
		{6D2AE85E-6650-4F00-B6BF-B282F0F52465}.Debug|Any CPU.ActiveCfg = Debug|Any CPU
		{6D2AE85E-6650-4F00-B6BF-B282F0F52465}.Debug|Any CPU.Build.0 = Debug|Any CPU
		{6D2AE85E-6650-4F00-B6BF-B282F0F52465}.Debug32|Any CPU.ActiveCfg = Debug|Any CPU
		{6D2AE85E-6650-4F00-B6BF-B282F0F52465}.Debug32|Any CPU.Build.0 = Debug|Any CPU
		{6D2AE85E-6650-4F00-B6BF-B282F0F52465}.Debug64|Any CPU.ActiveCfg = Debug|Any CPU
		{6D2AE85E-6650-4F00-B6BF-B282F0F52465}.Debug64|Any CPU.Build.0 = Debug|Any CPU
		{6D2AE85E-6650-4F00-B6BF-B282F0F52465}.Release|Any CPU.ActiveCfg = Release|Any CPU
		{6D2AE85E-6650-4F00-B6BF-B282F0F52465}.Release|Any CPU.Build.0 = Release|Any CPU
		{6D2AE85E-6650-4F00-B6BF-B282F0F52465}.Release32|Any CPU.ActiveCfg = Release|Any CPU
		{6D2AE85E-6650-4F00-B6BF-B282F0F52465}.Release32|Any CPU.Build.0 = Release|Any CPU
		{6D2AE85E-6650-4F00-B6BF-B282F0F52465}.Release64|Any CPU.ActiveCfg = Release|Any CPU
		{6D2AE85E-6650-4F00-B6BF-B282F0F52465}.Release64|Any CPU.Build.0 = Release|Any CPU
		{450EF3D5-35AB-4E75-A938-1AF1EB04FB3E}.Debug|Any CPU.ActiveCfg = Debug|Any CPU
		{450EF3D5-35AB-4E75-A938-1AF1EB04FB3E}.Debug|Any CPU.Build.0 = Debug|Any CPU
		{450EF3D5-35AB-4E75-A938-1AF1EB04FB3E}.Debug32|Any CPU.ActiveCfg = Debug|Any CPU
		{450EF3D5-35AB-4E75-A938-1AF1EB04FB3E}.Debug32|Any CPU.Build.0 = Debug|Any CPU
		{450EF3D5-35AB-4E75-A938-1AF1EB04FB3E}.Debug64|Any CPU.ActiveCfg = Debug|Any CPU
		{450EF3D5-35AB-4E75-A938-1AF1EB04FB3E}.Debug64|Any CPU.Build.0 = Debug|Any CPU
		{450EF3D5-35AB-4E75-A938-1AF1EB04FB3E}.Release|Any CPU.ActiveCfg = Release|Any CPU
		{450EF3D5-35AB-4E75-A938-1AF1EB04FB3E}.Release|Any CPU.Build.0 = Release|Any CPU
		{450EF3D5-35AB-4E75-A938-1AF1EB04FB3E}.Release32|Any CPU.ActiveCfg = Release|Any CPU
		{450EF3D5-35AB-4E75-A938-1AF1EB04FB3E}.Release32|Any CPU.Build.0 = Release|Any CPU
		{450EF3D5-35AB-4E75-A938-1AF1EB04FB3E}.Release64|Any CPU.ActiveCfg = Release|Any CPU
		{450EF3D5-35AB-4E75-A938-1AF1EB04FB3E}.Release64|Any CPU.Build.0 = Release|Any CPU
		{05E3B181-A996-4BDB-B202-42D2075D8A72}.Debug|Any CPU.ActiveCfg = Debug|Any CPU
		{05E3B181-A996-4BDB-B202-42D2075D8A72}.Debug|Any CPU.Build.0 = Debug|Any CPU
		{05E3B181-A996-4BDB-B202-42D2075D8A72}.Debug32|Any CPU.ActiveCfg = Debug|Any CPU
		{05E3B181-A996-4BDB-B202-42D2075D8A72}.Debug32|Any CPU.Build.0 = Debug|Any CPU
		{05E3B181-A996-4BDB-B202-42D2075D8A72}.Debug64|Any CPU.ActiveCfg = Debug|Any CPU
		{05E3B181-A996-4BDB-B202-42D2075D8A72}.Debug64|Any CPU.Build.0 = Debug|Any CPU
		{05E3B181-A996-4BDB-B202-42D2075D8A72}.Release|Any CPU.ActiveCfg = Release|Any CPU
		{05E3B181-A996-4BDB-B202-42D2075D8A72}.Release|Any CPU.Build.0 = Release|Any CPU
		{05E3B181-A996-4BDB-B202-42D2075D8A72}.Release32|Any CPU.ActiveCfg = Release|Any CPU
		{05E3B181-A996-4BDB-B202-42D2075D8A72}.Release32|Any CPU.Build.0 = Release|Any CPU
		{05E3B181-A996-4BDB-B202-42D2075D8A72}.Release64|Any CPU.ActiveCfg = Release|Any CPU
		{05E3B181-A996-4BDB-B202-42D2075D8A72}.Release64|Any CPU.Build.0 = Release|Any CPU
		{8B01C1B8-8D6D-46D2-9507-17C6AA0099CA}.Debug|Any CPU.ActiveCfg = Debug|Any CPU
		{8B01C1B8-8D6D-46D2-9507-17C6AA0099CA}.Debug|Any CPU.Build.0 = Debug|Any CPU
		{8B01C1B8-8D6D-46D2-9507-17C6AA0099CA}.Debug32|Any CPU.ActiveCfg = Debug32|Any CPU
		{8B01C1B8-8D6D-46D2-9507-17C6AA0099CA}.Debug32|Any CPU.Build.0 = Debug32|Any CPU
		{8B01C1B8-8D6D-46D2-9507-17C6AA0099CA}.Debug64|Any CPU.ActiveCfg = Debug64|Any CPU
		{8B01C1B8-8D6D-46D2-9507-17C6AA0099CA}.Debug64|Any CPU.Build.0 = Debug64|Any CPU
		{8B01C1B8-8D6D-46D2-9507-17C6AA0099CA}.Release|Any CPU.ActiveCfg = Release|Any CPU
		{8B01C1B8-8D6D-46D2-9507-17C6AA0099CA}.Release|Any CPU.Build.0 = Release|Any CPU
		{8B01C1B8-8D6D-46D2-9507-17C6AA0099CA}.Release32|Any CPU.ActiveCfg = Release32|Any CPU
		{8B01C1B8-8D6D-46D2-9507-17C6AA0099CA}.Release32|Any CPU.Build.0 = Release32|Any CPU
		{8B01C1B8-8D6D-46D2-9507-17C6AA0099CA}.Release64|Any CPU.ActiveCfg = Release64|Any CPU
		{8B01C1B8-8D6D-46D2-9507-17C6AA0099CA}.Release64|Any CPU.Build.0 = Release64|Any CPU
		{A841B0AA-89EE-4727-949E-CEC417E3BAC8}.Debug|Any CPU.ActiveCfg = Debug|Any CPU
		{A841B0AA-89EE-4727-949E-CEC417E3BAC8}.Debug|Any CPU.Build.0 = Debug|Any CPU
		{A841B0AA-89EE-4727-949E-CEC417E3BAC8}.Debug32|Any CPU.ActiveCfg = Debug|Any CPU
		{A841B0AA-89EE-4727-949E-CEC417E3BAC8}.Debug32|Any CPU.Build.0 = Debug|Any CPU
		{A841B0AA-89EE-4727-949E-CEC417E3BAC8}.Debug64|Any CPU.ActiveCfg = Debug|Any CPU
		{A841B0AA-89EE-4727-949E-CEC417E3BAC8}.Debug64|Any CPU.Build.0 = Debug|Any CPU
		{A841B0AA-89EE-4727-949E-CEC417E3BAC8}.Release|Any CPU.ActiveCfg = Release|Any CPU
		{A841B0AA-89EE-4727-949E-CEC417E3BAC8}.Release|Any CPU.Build.0 = Release|Any CPU
		{A841B0AA-89EE-4727-949E-CEC417E3BAC8}.Release32|Any CPU.ActiveCfg = Release|Any CPU
		{A841B0AA-89EE-4727-949E-CEC417E3BAC8}.Release32|Any CPU.Build.0 = Release|Any CPU
		{A841B0AA-89EE-4727-949E-CEC417E3BAC8}.Release64|Any CPU.ActiveCfg = Release|Any CPU
		{A841B0AA-89EE-4727-949E-CEC417E3BAC8}.Release64|Any CPU.Build.0 = Release|Any CPU
	EndGlobalSection
	GlobalSection(SolutionProperties) = preSolution
		HideSolutionNode = FALSE
	EndGlobalSection
	GlobalSection(NestedProjects) = preSolution
		{CA1193EA-13B2-4D20-9FEB-D157F09B3C99} = {E1411482-4CE2-464C-9C9A-ED5FCD855BB8}
		{8C0F2890-47BA-4155-8CB9-012849B189A5} = {E03FE8EA-DED8-4EC5-872B-6B16BE05C6D0}
		{A4F974BC-B51B-4456-AA43-C63FFB996694} = {E1411482-4CE2-464C-9C9A-ED5FCD855BB8}
		{093724C3-FBA2-407E-A0AD-DF4EF97030C3} = {1F134063-D006-4002-A695-6FD144A914DD}
		{EAEDD599-8FF0-493B-AAB3-D020CAF0E035} = {1F134063-D006-4002-A695-6FD144A914DD}
		{2F69C6B5-1DE4-4ACF-A584-1408A4DE309B} = {1F134063-D006-4002-A695-6FD144A914DD}
		{6A39BCF5-3512-4FA0-A9D1-452A415A6549} = {1F134063-D006-4002-A695-6FD144A914DD}
		{2544D861-21AD-4C18-99F3-E01127B17353} = {1F134063-D006-4002-A695-6FD144A914DD}
		{154909FD-12FB-4807-950E-432100E97481} = {1F134063-D006-4002-A695-6FD144A914DD}
		{BECC4FA5-BEF6-4AC9-9118-7DC08F9251EE} = {1F134063-D006-4002-A695-6FD144A914DD}
		{919A4BFE-5596-4FC8-96D4-A5782984C585} = {1F134063-D006-4002-A695-6FD144A914DD}
		{6D2AE85E-6650-4F00-B6BF-B282F0F52465} = {E03FE8EA-DED8-4EC5-872B-6B16BE05C6D0}
		{450EF3D5-35AB-4E75-A938-1AF1EB04FB3E} = {E03FE8EA-DED8-4EC5-872B-6B16BE05C6D0}
		{05E3B181-A996-4BDB-B202-42D2075D8A72} = {E03FE8EA-DED8-4EC5-872B-6B16BE05C6D0}
		{8B01C1B8-8D6D-46D2-9507-17C6AA0099CA} = {1F134063-D006-4002-A695-6FD144A914DD}
		{A841B0AA-89EE-4727-949E-CEC417E3BAC8} = {E1411482-4CE2-464C-9C9A-ED5FCD855BB8}
	EndGlobalSection
EndGlobal
